
Microsoft Visual Studio Solution File, Format Version 12.00
# Visual Studio Version 16
VisualStudioVersion = 16.0.29519.87
MinimumVisualStudioVersion = 10.0.40219.1
Project("{FAE04EC0-301F-11D3-BF4B-00C04F79EFBC}") = "DrawTheWorld.Core", "Src\DrawTheWorld.Core\DrawTheWorld.Core.csproj", "{E393EB5A-7F0D-4D5E-B803-B2D16CA73B94}"
EndProject
Project("{FAE04EC0-301F-11D3-BF4B-00C04F79EFBC}") = "DrawTheWorld.Game.UWP", "Src\DrawTheWorld.Game.UWP\DrawTheWorld.Game.UWP.csproj", "{AA19E811-2D2F-4255-A315-0708000BEDEB}"
EndProject
Project("{2150E333-8FDC-42A3-9474-1A3956D46DE8}") = "Solution Items", "Solution Items", "{E54B0201-4B44-4B58-8792-05405D6EABEC}"
	ProjectSection(SolutionItems) = preProject
		.gitattributes = .gitattributes
		.gitignore = .gitignore
		Src\SharedAssemblyInfo.cs = Src\SharedAssemblyInfo.cs
	EndProjectSection
EndProject
Project("{FAE04EC0-301F-11D3-BF4B-00C04F79EFBC}") = "FLib", "Src\FLib\FLib.csproj", "{457B2F66-30E8-4D86-90D1-7BE1150B84B4}"
EndProject
Project("{FAE04EC0-301F-11D3-BF4B-00C04F79EFBC}") = "DrawTheWorld.Web.Api.Public", "Src\DrawTheWorld.Web.Api.Public\DrawTheWorld.Web.Api.Public.csproj", "{B653EA1F-D7D3-4D9D-99B2-216C0C881EA1}"
EndProject
Project("{FAE04EC0-301F-11D3-BF4B-00C04F79EFBC}") = "FLib.UI", "Src\FLib.UI\FLib.UI.csproj", "{B9BBDF7D-E13E-489F-AE51-96DA436ED07F}"
EndProject
Global
	GlobalSection(SolutionConfigurationPlatforms) = preSolution
		Debug|Any CPU = Debug|Any CPU
		Debug|ARM = Debug|ARM
		Debug|ARM64 = Debug|ARM64
		Debug|x64 = Debug|x64
		Debug|x86 = Debug|x86
		Release|Any CPU = Release|Any CPU
		Release|ARM = Release|ARM
		Release|ARM64 = Release|ARM64
		Release|x64 = Release|x64
		Release|x86 = Release|x86
	EndGlobalSection
	GlobalSection(ProjectConfigurationPlatforms) = postSolution
		{E393EB5A-7F0D-4D5E-B803-B2D16CA73B94}.Debug|Any CPU.ActiveCfg = Debug|Any CPU
		{E393EB5A-7F0D-4D5E-B803-B2D16CA73B94}.Debug|Any CPU.Build.0 = Debug|Any CPU
		{E393EB5A-7F0D-4D5E-B803-B2D16CA73B94}.Debug|ARM.ActiveCfg = Debug|ARM
		{E393EB5A-7F0D-4D5E-B803-B2D16CA73B94}.Debug|ARM.Build.0 = Debug|ARM
		{E393EB5A-7F0D-4D5E-B803-B2D16CA73B94}.Debug|ARM64.ActiveCfg = Debug|ARM64
		{E393EB5A-7F0D-4D5E-B803-B2D16CA73B94}.Debug|ARM64.Build.0 = Debug|ARM64
		{E393EB5A-7F0D-4D5E-B803-B2D16CA73B94}.Debug|x64.ActiveCfg = Debug|x64
		{E393EB5A-7F0D-4D5E-B803-B2D16CA73B94}.Debug|x64.Build.0 = Debug|x64
		{E393EB5A-7F0D-4D5E-B803-B2D16CA73B94}.Debug|x86.ActiveCfg = Debug|x86
		{E393EB5A-7F0D-4D5E-B803-B2D16CA73B94}.Debug|x86.Build.0 = Debug|x86
		{E393EB5A-7F0D-4D5E-B803-B2D16CA73B94}.Release|Any CPU.ActiveCfg = Release|Any CPU
		{E393EB5A-7F0D-4D5E-B803-B2D16CA73B94}.Release|Any CPU.Build.0 = Release|Any CPU
		{E393EB5A-7F0D-4D5E-B803-B2D16CA73B94}.Release|ARM.ActiveCfg = Release|ARM
		{E393EB5A-7F0D-4D5E-B803-B2D16CA73B94}.Release|ARM.Build.0 = Release|ARM
		{E393EB5A-7F0D-4D5E-B803-B2D16CA73B94}.Release|ARM64.ActiveCfg = Release|ARM64
		{E393EB5A-7F0D-4D5E-B803-B2D16CA73B94}.Release|ARM64.Build.0 = Release|ARM64
		{E393EB5A-7F0D-4D5E-B803-B2D16CA73B94}.Release|x64.ActiveCfg = Release|x64
		{E393EB5A-7F0D-4D5E-B803-B2D16CA73B94}.Release|x64.Build.0 = Release|x64
		{E393EB5A-7F0D-4D5E-B803-B2D16CA73B94}.Release|x86.ActiveCfg = Release|x86
		{E393EB5A-7F0D-4D5E-B803-B2D16CA73B94}.Release|x86.Build.0 = Release|x86
		{AA19E811-2D2F-4255-A315-0708000BEDEB}.Debug|Any CPU.ActiveCfg = Debug|x86
		{AA19E811-2D2F-4255-A315-0708000BEDEB}.Debug|Any CPU.Build.0 = Debug|x86
		{AA19E811-2D2F-4255-A315-0708000BEDEB}.Debug|ARM.ActiveCfg = Debug|ARM
		{AA19E811-2D2F-4255-A315-0708000BEDEB}.Debug|ARM.Build.0 = Debug|ARM
		{AA19E811-2D2F-4255-A315-0708000BEDEB}.Debug|ARM.Deploy.0 = Debug|ARM
		{AA19E811-2D2F-4255-A315-0708000BEDEB}.Debug|ARM64.ActiveCfg = Debug|ARM64
		{AA19E811-2D2F-4255-A315-0708000BEDEB}.Debug|ARM64.Build.0 = Debug|ARM64
		{AA19E811-2D2F-4255-A315-0708000BEDEB}.Debug|ARM64.Deploy.0 = Debug|ARM64
		{AA19E811-2D2F-4255-A315-0708000BEDEB}.Debug|x64.ActiveCfg = Debug|x64
		{AA19E811-2D2F-4255-A315-0708000BEDEB}.Debug|x64.Build.0 = Debug|x64
		{AA19E811-2D2F-4255-A315-0708000BEDEB}.Debug|x64.Deploy.0 = Debug|x64
		{AA19E811-2D2F-4255-A315-0708000BEDEB}.Debug|x86.ActiveCfg = Debug|x86
		{AA19E811-2D2F-4255-A315-0708000BEDEB}.Debug|x86.Build.0 = Debug|x86
		{AA19E811-2D2F-4255-A315-0708000BEDEB}.Debug|x86.Deploy.0 = Debug|x86
		{AA19E811-2D2F-4255-A315-0708000BEDEB}.Release|Any CPU.ActiveCfg = Release|x86
		{AA19E811-2D2F-4255-A315-0708000BEDEB}.Release|ARM.ActiveCfg = Release|ARM
		{AA19E811-2D2F-4255-A315-0708000BEDEB}.Release|ARM.Build.0 = Release|ARM
		{AA19E811-2D2F-4255-A315-0708000BEDEB}.Release|ARM.Deploy.0 = Release|ARM
		{AA19E811-2D2F-4255-A315-0708000BEDEB}.Release|ARM64.ActiveCfg = Release|ARM64
		{AA19E811-2D2F-4255-A315-0708000BEDEB}.Release|ARM64.Build.0 = Release|ARM64
		{AA19E811-2D2F-4255-A315-0708000BEDEB}.Release|ARM64.Deploy.0 = Release|ARM64
		{AA19E811-2D2F-4255-A315-0708000BEDEB}.Release|x64.ActiveCfg = Release|x64
		{AA19E811-2D2F-4255-A315-0708000BEDEB}.Release|x64.Build.0 = Release|x64
		{AA19E811-2D2F-4255-A315-0708000BEDEB}.Release|x64.Deploy.0 = Release|x64
		{AA19E811-2D2F-4255-A315-0708000BEDEB}.Release|x86.ActiveCfg = Release|x86
		{AA19E811-2D2F-4255-A315-0708000BEDEB}.Release|x86.Build.0 = Release|x86
		{AA19E811-2D2F-4255-A315-0708000BEDEB}.Release|x86.Deploy.0 = Release|x86
		{457B2F66-30E8-4D86-90D1-7BE1150B84B4}.Debug|Any CPU.ActiveCfg = Debug|Any CPU
		{457B2F66-30E8-4D86-90D1-7BE1150B84B4}.Debug|Any CPU.Build.0 = Debug|Any CPU
		{457B2F66-30E8-4D86-90D1-7BE1150B84B4}.Debug|ARM.ActiveCfg = Debug|ARM
		{457B2F66-30E8-4D86-90D1-7BE1150B84B4}.Debug|ARM.Build.0 = Debug|ARM
		{457B2F66-30E8-4D86-90D1-7BE1150B84B4}.Debug|ARM64.ActiveCfg = Debug|ARM64
		{457B2F66-30E8-4D86-90D1-7BE1150B84B4}.Debug|ARM64.Build.0 = Debug|ARM64
		{457B2F66-30E8-4D86-90D1-7BE1150B84B4}.Debug|x64.ActiveCfg = Debug|x64
		{457B2F66-30E8-4D86-90D1-7BE1150B84B4}.Debug|x64.Build.0 = Debug|x64
		{457B2F66-30E8-4D86-90D1-7BE1150B84B4}.Debug|x86.ActiveCfg = Debug|x86
		{457B2F66-30E8-4D86-90D1-7BE1150B84B4}.Debug|x86.Build.0 = Debug|x86
		{457B2F66-30E8-4D86-90D1-7BE1150B84B4}.Release|Any CPU.ActiveCfg = Release|Any CPU
		{457B2F66-30E8-4D86-90D1-7BE1150B84B4}.Release|Any CPU.Build.0 = Release|Any CPU
		{457B2F66-30E8-4D86-90D1-7BE1150B84B4}.Release|ARM.ActiveCfg = Release|ARM
		{457B2F66-30E8-4D86-90D1-7BE1150B84B4}.Release|ARM.Build.0 = Release|ARM
		{457B2F66-30E8-4D86-90D1-7BE1150B84B4}.Release|ARM64.ActiveCfg = Release|ARM64
		{457B2F66-30E8-4D86-90D1-7BE1150B84B4}.Release|ARM64.Build.0 = Release|ARM64
		{457B2F66-30E8-4D86-90D1-7BE1150B84B4}.Release|x64.ActiveCfg = Release|x64
		{457B2F66-30E8-4D86-90D1-7BE1150B84B4}.Release|x64.Build.0 = Release|x64
		{457B2F66-30E8-4D86-90D1-7BE1150B84B4}.Release|x86.ActiveCfg = Release|x86
		{457B2F66-30E8-4D86-90D1-7BE1150B84B4}.Release|x86.Build.0 = Release|x86
		{B653EA1F-D7D3-4D9D-99B2-216C0C881EA1}.Debug|Any CPU.ActiveCfg = Debug|Any CPU
		{B653EA1F-D7D3-4D9D-99B2-216C0C881EA1}.Debug|Any CPU.Build.0 = Debug|Any CPU
		{B653EA1F-D7D3-4D9D-99B2-216C0C881EA1}.Debug|ARM.ActiveCfg = Debug|ARM
		{B653EA1F-D7D3-4D9D-99B2-216C0C881EA1}.Debug|ARM.Build.0 = Debug|ARM
		{B653EA1F-D7D3-4D9D-99B2-216C0C881EA1}.Debug|ARM64.ActiveCfg = Debug|ARM64
		{B653EA1F-D7D3-4D9D-99B2-216C0C881EA1}.Debug|ARM64.Build.0 = Debug|ARM64
		{B653EA1F-D7D3-4D9D-99B2-216C0C881EA1}.Debug|x64.ActiveCfg = Debug|x64
		{B653EA1F-D7D3-4D9D-99B2-216C0C881EA1}.Debug|x64.Build.0 = Debug|x64
		{B653EA1F-D7D3-4D9D-99B2-216C0C881EA1}.Debug|x86.ActiveCfg = Debug|x86
		{B653EA1F-D7D3-4D9D-99B2-216C0C881EA1}.Debug|x86.Build.0 = Debug|x86
		{B653EA1F-D7D3-4D9D-99B2-216C0C881EA1}.Release|Any CPU.ActiveCfg = Release|Any CPU
		{B653EA1F-D7D3-4D9D-99B2-216C0C881EA1}.Release|Any CPU.Build.0 = Release|Any CPU
		{B653EA1F-D7D3-4D9D-99B2-216C0C881EA1}.Release|ARM.ActiveCfg = Release|ARM
		{B653EA1F-D7D3-4D9D-99B2-216C0C881EA1}.Release|ARM.Build.0 = Release|ARM
		{B653EA1F-D7D3-4D9D-99B2-216C0C881EA1}.Release|ARM64.ActiveCfg = Release|ARM64
		{B653EA1F-D7D3-4D9D-99B2-216C0C881EA1}.Release|ARM64.Build.0 = Release|ARM64
		{B653EA1F-D7D3-4D9D-99B2-216C0C881EA1}.Release|x64.ActiveCfg = Release|x64
		{B653EA1F-D7D3-4D9D-99B2-216C0C881EA1}.Release|x64.Build.0 = Release|x64
		{B653EA1F-D7D3-4D9D-99B2-216C0C881EA1}.Release|x86.ActiveCfg = Release|x86
		{B653EA1F-D7D3-4D9D-99B2-216C0C881EA1}.Release|x86.Build.0 = Release|x86
		{B9BBDF7D-E13E-489F-AE51-96DA436ED07F}.Debug|Any CPU.ActiveCfg = Debug|Any CPU
		{B9BBDF7D-E13E-489F-AE51-96DA436ED07F}.Debug|Any CPU.Build.0 = Debug|Any CPU
		{B9BBDF7D-E13E-489F-AE51-96DA436ED07F}.Debug|ARM.ActiveCfg = Debug|ARM
		{B9BBDF7D-E13E-489F-AE51-96DA436ED07F}.Debug|ARM.Build.0 = Debug|ARM
		{B9BBDF7D-E13E-489F-AE51-96DA436ED07F}.Debug|ARM64.ActiveCfg = Debug|ARM64
		{B9BBDF7D-E13E-489F-AE51-96DA436ED07F}.Debug|ARM64.Build.0 = Debug|ARM64
		{B9BBDF7D-E13E-489F-AE51-96DA436ED07F}.Debug|x64.ActiveCfg = Debug|x64
		{B9BBDF7D-E13E-489F-AE51-96DA436ED07F}.Debug|x64.Build.0 = Debug|x64
		{B9BBDF7D-E13E-489F-AE51-96DA436ED07F}.Debug|x86.ActiveCfg = Debug|x86
		{B9BBDF7D-E13E-489F-AE51-96DA436ED07F}.Debug|x86.Build.0 = Debug|x86
		{B9BBDF7D-E13E-489F-AE51-96DA436ED07F}.Release|Any CPU.ActiveCfg = Release|Any CPU
		{B9BBDF7D-E13E-489F-AE51-96DA436ED07F}.Release|Any CPU.Build.0 = Release|Any CPU
		{B9BBDF7D-E13E-489F-AE51-96DA436ED07F}.Release|ARM.ActiveCfg = Release|ARM
		{B9BBDF7D-E13E-489F-AE51-96DA436ED07F}.Release|ARM.Build.0 = Release|ARM
		{B9BBDF7D-E13E-489F-AE51-96DA436ED07F}.Release|ARM64.ActiveCfg = Release|ARM64
		{B9BBDF7D-E13E-489F-AE51-96DA436ED07F}.Release|ARM64.Build.0 = Release|ARM64
		{B9BBDF7D-E13E-489F-AE51-96DA436ED07F}.Release|x64.ActiveCfg = Release|x64
		{B9BBDF7D-E13E-489F-AE51-96DA436ED07F}.Release|x64.Build.0 = Release|x64
		{B9BBDF7D-E13E-489F-AE51-96DA436ED07F}.Release|x86.ActiveCfg = Release|x86
		{B9BBDF7D-E13E-489F-AE51-96DA436ED07F}.Release|x86.Build.0 = Release|x86
	EndGlobalSection
	GlobalSection(SolutionProperties) = preSolution
		HideSolutionNode = FALSE
	EndGlobalSection
	GlobalSection(ExtensibilityGlobals) = postSolution
		SolutionGuid = {F3623482-D6EB-4A96-B25F-58160BD4FB69}
	EndGlobalSection
EndGlobal
